
Microsoft Visual Studio Solution File, Format Version 12.00
# Visual Studio Version 17
VisualStudioVersion = 17.9.34701.34
MinimumVisualStudioVersion = 10.0.40219.1
Project("{FAE04EC0-301F-11D3-BF4B-00C04F79EFBC}") = "tp-cuatrimestral-equipo15", "tp-cuatrimestral-equipo15\tp-cuatrimestral-equipo15.csproj", "{32C66C06-4753-4F94-9C7D-B1F21CC50B25}"
EndProject
Project("{FAE04EC0-301F-11D3-BF4B-00C04F79EFBC}") = "Dominio", "Dominio\Dominio.csproj", "{FB00466F-1297-4866-A86F-E43B3C8C80BA}"
EndProject
Project("{FAE04EC0-301F-11D3-BF4B-00C04F79EFBC}") = "Negocio", "Negocio\Negocio.csproj", "{B2C27AED-1B7A-4CE7-ADCB-66704FFDB785}"
EndProject
Project("{FAE04EC0-301F-11D3-BF4B-00C04F79EFBC}") = "MoodleConection", "MoodleConection\MoodleConection.csproj", "{BCE42BF5-67DF-48F4-8CB1-BC5B47ED6824}"
EndProject
Global
	GlobalSection(SolutionConfigurationPlatforms) = preSolution
		Debug|Any CPU = Debug|Any CPU
		Release|Any CPU = Release|Any CPU
	EndGlobalSection
	GlobalSection(ProjectConfigurationPlatforms) = postSolution
		{32C66C06-4753-4F94-9C7D-B1F21CC50B25}.Debug|Any CPU.ActiveCfg = Debug|Any CPU
		{32C66C06-4753-4F94-9C7D-B1F21CC50B25}.Debug|Any CPU.Build.0 = Debug|Any CPU
		{32C66C06-4753-4F94-9C7D-B1F21CC50B25}.Release|Any CPU.ActiveCfg = Release|Any CPU
		{32C66C06-4753-4F94-9C7D-B1F21CC50B25}.Release|Any CPU.Build.0 = Release|Any CPU
		{FB00466F-1297-4866-A86F-E43B3C8C80BA}.Debug|Any CPU.ActiveCfg = Debug|Any CPU
		{FB00466F-1297-4866-A86F-E43B3C8C80BA}.Debug|Any CPU.Build.0 = Debug|Any CPU
		{FB00466F-1297-4866-A86F-E43B3C8C80BA}.Release|Any CPU.ActiveCfg = Release|Any CPU
		{FB00466F-1297-4866-A86F-E43B3C8C80BA}.Release|Any CPU.Build.0 = Release|Any CPU
		{B2C27AED-1B7A-4CE7-ADCB-66704FFDB785}.Debug|Any CPU.ActiveCfg = Debug|Any CPU
		{B2C27AED-1B7A-4CE7-ADCB-66704FFDB785}.Debug|Any CPU.Build.0 = Debug|Any CPU
		{B2C27AED-1B7A-4CE7-ADCB-66704FFDB785}.Release|Any CPU.ActiveCfg = Release|Any CPU
		{B2C27AED-1B7A-4CE7-ADCB-66704FFDB785}.Release|Any CPU.Build.0 = Release|Any CPU
		{BCE42BF5-67DF-48F4-8CB1-BC5B47ED6824}.Debug|Any CPU.ActiveCfg = Debug|Any CPU
		{BCE42BF5-67DF-48F4-8CB1-BC5B47ED6824}.Debug|Any CPU.Build.0 = Debug|Any CPU
		{BCE42BF5-67DF-48F4-8CB1-BC5B47ED6824}.Release|Any CPU.ActiveCfg = Release|Any CPU
		{BCE42BF5-67DF-48F4-8CB1-BC5B47ED6824}.Release|Any CPU.Build.0 = Release|Any CPU
	EndGlobalSection
	GlobalSection(SolutionProperties) = preSolution
		HideSolutionNode = FALSE
	EndGlobalSection
	GlobalSection(ExtensibilityGlobals) = postSolution
		SolutionGuid = {3B6A6855-0770-4CAB-8962-A01ABD1E68DE}
	EndGlobalSection
EndGlobal
